
Microsoft Visual Studio Solution File, Format Version 12.00
# Visual Studio Version 17
VisualStudioVersion = 17.5.33627.172
MinimumVisualStudioVersion = 10.0.40219.1
Project("{9A19103F-16F7-4668-BE54-9A1E7A4F7556}") = "BloodBankManagement.Server", "BloodBankManagement\Server\BloodBankManagement.Server.csproj", "{1B6085E2-E120-4CC0-8078-CC08B6339C66}"
EndProject
Project("{9A19103F-16F7-4668-BE54-9A1E7A4F7556}") = "BloodBankManagement.Client", "BloodBankManagement\Client\BloodBankManagement.Client.csproj", "{477FF23F-B3E5-4173-8F4E-FE0F9C93A15E}"
EndProject
Project("{9A19103F-16F7-4668-BE54-9A1E7A4F7556}") = "BloodBankManagement.Shared", "BloodBankManagement\Shared\BloodBankManagement.Shared.csproj", "{0F06DE75-53FB-4ECE-9884-089C7D898FE0}"
EndProject
Global
	GlobalSection(SolutionConfigurationPlatforms) = preSolution
		Debug|Any CPU = Debug|Any CPU
		Release|Any CPU = Release|Any CPU
	EndGlobalSection
	GlobalSection(ProjectConfigurationPlatforms) = postSolution
		{1B6085E2-E120-4CC0-8078-CC08B6339C66}.Debug|Any CPU.ActiveCfg = Debug|Any CPU
		{1B6085E2-E120-4CC0-8078-CC08B6339C66}.Debug|Any CPU.Build.0 = Debug|Any CPU
		{1B6085E2-E120-4CC0-8078-CC08B6339C66}.Release|Any CPU.ActiveCfg = Release|Any CPU
		{1B6085E2-E120-4CC0-8078-CC08B6339C66}.Release|Any CPU.Build.0 = Release|Any CPU
		{477FF23F-B3E5-4173-8F4E-FE0F9C93A15E}.Debug|Any CPU.ActiveCfg = Debug|Any CPU
		{477FF23F-B3E5-4173-8F4E-FE0F9C93A15E}.Debug|Any CPU.Build.0 = Debug|Any CPU
		{477FF23F-B3E5-4173-8F4E-FE0F9C93A15E}.Release|Any CPU.ActiveCfg = Release|Any CPU
		{477FF23F-B3E5-4173-8F4E-FE0F9C93A15E}.Release|Any CPU.Build.0 = Release|Any CPU
		{0F06DE75-53FB-4ECE-9884-089C7D898FE0}.Debug|Any CPU.ActiveCfg = Debug|Any CPU
		{0F06DE75-53FB-4ECE-9884-089C7D898FE0}.Debug|Any CPU.Build.0 = Debug|Any CPU
		{0F06DE75-53FB-4ECE-9884-089C7D898FE0}.Release|Any CPU.ActiveCfg = Release|Any CPU
		{0F06DE75-53FB-4ECE-9884-089C7D898FE0}.Release|Any CPU.Build.0 = Release|Any CPU
	EndGlobalSection
	GlobalSection(SolutionProperties) = preSolution
		HideSolutionNode = FALSE
	EndGlobalSection
	GlobalSection(ExtensibilityGlobals) = postSolution
		SolutionGuid = {5E2270A4-7EF4-4D8F-9088-31E2469C5B24}
	EndGlobalSection
EndGlobal
