
Microsoft Visual Studio Solution File, Format Version 12.00
# Visual Studio Version 17
VisualStudioVersion = 17.5.33627.172
MinimumVisualStudioVersion = 10.0.40219.1
Project("{9A19103F-16F7-4668-BE54-9A1E7A4F7556}") = "CRUDNetCore6.Server", "CRUDNetCore6\Server\CRUDNetCore6.Server.csproj", "{B027673D-6FF2-47B4-880A-0281ADA24BF9}"
EndProject
Project("{9A19103F-16F7-4668-BE54-9A1E7A4F7556}") = "CRUDNetCore6.Client", "CRUDNetCore6\Client\CRUDNetCore6.Client.csproj", "{93791939-2C29-4B6C-AEE1-68DFC7BAAC83}"
EndProject
Project("{9A19103F-16F7-4668-BE54-9A1E7A4F7556}") = "CRUDNetCore6.Shared", "CRUDNetCore6\Shared\CRUDNetCore6.Shared.csproj", "{AF51FD7B-4C7C-4D29-A484-0235DF8D8374}"
EndProject
Global
	GlobalSection(SolutionConfigurationPlatforms) = preSolution
		Debug|Any CPU = Debug|Any CPU
		Release|Any CPU = Release|Any CPU
	EndGlobalSection
	GlobalSection(ProjectConfigurationPlatforms) = postSolution
		{B027673D-6FF2-47B4-880A-0281ADA24BF9}.Debug|Any CPU.ActiveCfg = Debug|Any CPU
		{B027673D-6FF2-47B4-880A-0281ADA24BF9}.Debug|Any CPU.Build.0 = Debug|Any CPU
		{B027673D-6FF2-47B4-880A-0281ADA24BF9}.Release|Any CPU.ActiveCfg = Release|Any CPU
		{B027673D-6FF2-47B4-880A-0281ADA24BF9}.Release|Any CPU.Build.0 = Release|Any CPU
		{93791939-2C29-4B6C-AEE1-68DFC7BAAC83}.Debug|Any CPU.ActiveCfg = Debug|Any CPU
		{93791939-2C29-4B6C-AEE1-68DFC7BAAC83}.Debug|Any CPU.Build.0 = Debug|Any CPU
		{93791939-2C29-4B6C-AEE1-68DFC7BAAC83}.Release|Any CPU.ActiveCfg = Release|Any CPU
		{93791939-2C29-4B6C-AEE1-68DFC7BAAC83}.Release|Any CPU.Build.0 = Release|Any CPU
		{AF51FD7B-4C7C-4D29-A484-0235DF8D8374}.Debug|Any CPU.ActiveCfg = Debug|Any CPU
		{AF51FD7B-4C7C-4D29-A484-0235DF8D8374}.Debug|Any CPU.Build.0 = Debug|Any CPU
		{AF51FD7B-4C7C-4D29-A484-0235DF8D8374}.Release|Any CPU.ActiveCfg = Release|Any CPU
		{AF51FD7B-4C7C-4D29-A484-0235DF8D8374}.Release|Any CPU.Build.0 = Release|Any CPU
	EndGlobalSection
	GlobalSection(SolutionProperties) = preSolution
		HideSolutionNode = FALSE
	EndGlobalSection
	GlobalSection(ExtensibilityGlobals) = postSolution
		SolutionGuid = {1D6FA10F-9060-4019-837F-3AC853097157}
	EndGlobalSection
EndGlobal
